
Microsoft Visual Studio Solution File, Format Version 12.00
# Visual Studio Version 17
VisualStudioVersion = 17.4.33122.133
MinimumVisualStudioVersion = 10.0.40219.1
Project("{FAE04EC0-301F-11D3-BF4B-00C04F79EFBC}") = "SalesWebMVC", "SalesWebMVC\SalesWebMVC.csproj", "{010B8EFA-C820-45CC-86A7-63ED416CA06A}"
EndProject
Global
	GlobalSection(SolutionConfigurationPlatforms) = preSolution
		Debug|Any CPU = Debug|Any CPU
		Release|Any CPU = Release|Any CPU
	EndGlobalSection
	GlobalSection(ProjectConfigurationPlatforms) = postSolution
		{010B8EFA-C820-45CC-86A7-63ED416CA06A}.Debug|Any CPU.ActiveCfg = Debug|Any CPU
		{010B8EFA-C820-45CC-86A7-63ED416CA06A}.Debug|Any CPU.Build.0 = Debug|Any CPU
		{010B8EFA-C820-45CC-86A7-63ED416CA06A}.Release|Any CPU.ActiveCfg = Release|Any CPU
		{010B8EFA-C820-45CC-86A7-63ED416CA06A}.Release|Any CPU.Build.0 = Release|Any CPU
	EndGlobalSection
	GlobalSection(SolutionProperties) = preSolution
		HideSolutionNode = FALSE
	EndGlobalSection
	GlobalSection(ExtensibilityGlobals) = postSolution
		SolutionGuid = {E518FF94-4ABF-4FDE-AA70-13D452D18099}
	EndGlobalSection
EndGlobal
